// !$*UTF8*$!
{
	archiveVersion = 1;
	classes = {
	};
	objectVersion = 46;
	objects = {

/* Begin PBXBuildFile section */
		3C2A8ED91D5B32220012C5B3 /* main.m in Sources */ = {isa = PBXBuildFile; fileRef = 3C2A8ED81D5B32220012C5B3 /* main.m */; };
		3C2A8EDC1D5B32220012C5B3 /* AppDelegate.m in Sources */ = {isa = PBXBuildFile; fileRef = 3C2A8EDB1D5B32220012C5B3 /* AppDelegate.m */; };
		3C2A8EDF1D5B32220012C5B3 /* MainViewController.m in Sources */ = {isa = PBXBuildFile; fileRef = 3C2A8EDE1D5B32220012C5B3 /* MainViewController.m */; };
		3C2A8EE41D5B32220012C5B3 /* Assets.xcassets in Resources */ = {isa = PBXBuildFile; fileRef = 3C2A8EE31D5B32220012C5B3 /* Assets.xcassets */; };
		3C2A8EE71D5B32220012C5B3 /* LaunchScreen.storyboard in Resources */ = {isa = PBXBuildFile; fileRef = 3C2A8EE51D5B32220012C5B3 /* LaunchScreen.storyboard */; };
		3C2A8EF21D5B32220012C5B3 /* GitTestTests.m in Sources */ = {isa = PBXBuildFile; fileRef = 3C2A8EF11D5B32220012C5B3 /* GitTestTests.m */; };
		3C2A8EFD1D5B32220012C5B3 /* GitTestUITests.m in Sources */ = {isa = PBXBuildFile; fileRef = 3C2A8EFC1D5B32220012C5B3 /* GitTestUITests.m */; };
		3C2A8F251D5B32910012C5B3 /* Info.plist in Resources */ = {isa = PBXBuildFile; fileRef = 3C2A8F0B1D5B32910012C5B3 /* Info.plist */; };
		3C2A8F261D5B32910012C5B3 /* MASCompositeConstraint.m in Sources */ = {isa = PBXBuildFile; fileRef = 3C2A8F0D1D5B32910012C5B3 /* MASCompositeConstraint.m */; };
		3C2A8F271D5B32910012C5B3 /* MASConstraint.m in Sources */ = {isa = PBXBuildFile; fileRef = 3C2A8F101D5B32910012C5B3 /* MASConstraint.m */; };
		3C2A8F281D5B32910012C5B3 /* MASConstraintMaker.m in Sources */ = {isa = PBXBuildFile; fileRef = 3C2A8F121D5B32910012C5B3 /* MASConstraintMaker.m */; };
		3C2A8F291D5B32910012C5B3 /* MASLayoutConstraint.m in Sources */ = {isa = PBXBuildFile; fileRef = 3C2A8F141D5B32910012C5B3 /* MASLayoutConstraint.m */; };
		3C2A8F2A1D5B32910012C5B3 /* MASViewAttribute.m in Sources */ = {isa = PBXBuildFile; fileRef = 3C2A8F181D5B32910012C5B3 /* MASViewAttribute.m */; };
		3C2A8F2B1D5B32910012C5B3 /* MASViewConstraint.m in Sources */ = {isa = PBXBuildFile; fileRef = 3C2A8F1A1D5B32910012C5B3 /* MASViewConstraint.m */; };
		3C2A8F2C1D5B32910012C5B3 /* NSArray+MASAdditions.m in Sources */ = {isa = PBXBuildFile; fileRef = 3C2A8F1C1D5B32910012C5B3 /* NSArray+MASAdditions.m */; };
		3C2A8F2D1D5B32910012C5B3 /* NSLayoutConstraint+MASDebugAdditions.m in Sources */ = {isa = PBXBuildFile; fileRef = 3C2A8F1F1D5B32910012C5B3 /* NSLayoutConstraint+MASDebugAdditions.m */; };
		3C2A8F2E1D5B32910012C5B3 /* View+MASAdditions.m in Sources */ = {isa = PBXBuildFile; fileRef = 3C2A8F211D5B32910012C5B3 /* View+MASAdditions.m */; };
		3C2A8F2F1D5B32910012C5B3 /* ViewController+MASAdditions.m in Sources */ = {isa = PBXBuildFile; fileRef = 3C2A8F241D5B32910012C5B3 /* ViewController+MASAdditions.m */; };
		3C2A8F321D5B7D370012C5B3 /* MineViewController.m in Sources */ = {isa = PBXBuildFile; fileRef = 3C2A8F311D5B7D370012C5B3 /* MineViewController.m */; };
		3C2A8F381D5B91890012C5B3 /* adCell.m in Sources */ = {isa = PBXBuildFile; fileRef = 3C2A8F371D5B91890012C5B3 /* adCell.m */; };
		3C2A8F3B1D5B97470012C5B3 /* ContentCell.m in Sources */ = {isa = PBXBuildFile; fileRef = 3C2A8F3A1D5B97470012C5B3 /* ContentCell.m */; };
		3C2A8F3E1D5BAE7A0012C5B3 /* HeaderReusableView.m in Sources */ = {isa = PBXBuildFile; fileRef = 3C2A8F3D1D5BAE7A0012C5B3 /* HeaderReusableView.m */; };
		3C2A8F411D5BB0C50012C5B3 /* FooterReusableView.m in Sources */ = {isa = PBXBuildFile; fileRef = 3C2A8F401D5BB0C50012C5B3 /* FooterReusableView.m */; };
		3C2A8F441D5BBBB60012C5B3 /* MoreViewController.m in Sources */ = {isa = PBXBuildFile; fileRef = 3C2A8F431D5BBBB60012C5B3 /* MoreViewController.m */; };
		3C2A8F471D5C43330012C5B3 /* LoginViewController.m in Sources */ = {isa = PBXBuildFile; fileRef = 3C2A8F461D5C43330012C5B3 /* LoginViewController.m */; };
		3C2A8F4F1D5C62510012C5B3 /* DetailViewController.m in Sources */ = {isa = PBXBuildFile; fileRef = 3C2A8F4E1D5C62510012C5B3 /* DetailViewController.m */; };
		3C4B1B561D64852B00C425D4 /* MKAnnotationView+WebCache.m in Sources */ = {isa = PBXBuildFile; fileRef = 3C4B1B361D64852B00C425D4 /* MKAnnotationView+WebCache.m */; };
		3C4B1B571D64852B00C425D4 /* NSData+ImageContentType.m in Sources */ = {isa = PBXBuildFile; fileRef = 3C4B1B381D64852B00C425D4 /* NSData+ImageContentType.m */; };
		3C4B1B581D64852B00C425D4 /* SDImageCache.m in Sources */ = {isa = PBXBuildFile; fileRef = 3C4B1B3A1D64852B00C425D4 /* SDImageCache.m */; };
		3C4B1B591D64852B00C425D4 /* SDWebImageCompat.m in Sources */ = {isa = PBXBuildFile; fileRef = 3C4B1B3C1D64852B00C425D4 /* SDWebImageCompat.m */; };
		3C4B1B5A1D64852B00C425D4 /* SDWebImageDecoder.m in Sources */ = {isa = PBXBuildFile; fileRef = 3C4B1B3E1D64852B00C425D4 /* SDWebImageDecoder.m */; };
		3C4B1B5B1D64852B00C425D4 /* SDWebImageDownloader.m in Sources */ = {isa = PBXBuildFile; fileRef = 3C4B1B401D64852B00C425D4 /* SDWebImageDownloader.m */; };
		3C4B1B5C1D64852B00C425D4 /* SDWebImageDownloaderOperation.m in Sources */ = {isa = PBXBuildFile; fileRef = 3C4B1B421D64852B00C425D4 /* SDWebImageDownloaderOperation.m */; };
		3C4B1B5D1D64852B00C425D4 /* SDWebImageManager.m in Sources */ = {isa = PBXBuildFile; fileRef = 3C4B1B441D64852B00C425D4 /* SDWebImageManager.m */; };
		3C4B1B5E1D64852B00C425D4 /* SDWebImagePrefetcher.m in Sources */ = {isa = PBXBuildFile; fileRef = 3C4B1B471D64852B00C425D4 /* SDWebImagePrefetcher.m */; };
		3C4B1B5F1D64852B00C425D4 /* UIButton+WebCache.m in Sources */ = {isa = PBXBuildFile; fileRef = 3C4B1B491D64852B00C425D4 /* UIButton+WebCache.m */; };
		3C4B1B601D64852B00C425D4 /* UIImage+GIF.m in Sources */ = {isa = PBXBuildFile; fileRef = 3C4B1B4B1D64852B00C425D4 /* UIImage+GIF.m */; };
		3C4B1B611D64852B00C425D4 /* UIImage+MultiFormat.m in Sources */ = {isa = PBXBuildFile; fileRef = 3C4B1B4D1D64852B00C425D4 /* UIImage+MultiFormat.m */; };
		3C4B1B621D64852B00C425D4 /* UIImage+WebP.m in Sources */ = {isa = PBXBuildFile; fileRef = 3C4B1B4F1D64852B00C425D4 /* UIImage+WebP.m */; };
		3C4B1B631D64852B00C425D4 /* UIImageView+HighlightedWebCache.m in Sources */ = {isa = PBXBuildFile; fileRef = 3C4B1B511D64852B00C425D4 /* UIImageView+HighlightedWebCache.m */; };
		3C4B1B641D64852B00C425D4 /* UIImageView+WebCache.m in Sources */ = {isa = PBXBuildFile; fileRef = 3C4B1B531D64852B00C425D4 /* UIImageView+WebCache.m */; };
		3C4B1B651D64852B00C425D4 /* UIView+WebCacheOperation.m in Sources */ = {isa = PBXBuildFile; fileRef = 3C4B1B551D64852B00C425D4 /* UIView+WebCacheOperation.m */; };
		3C4B1B681D65476D00C425D4 /* CourseModel.m in Sources */ = {isa = PBXBuildFile; fileRef = 3C4B1B671D65476D00C425D4 /* CourseModel.m */; };
		3C4B1B731D65AFB100C425D4 /* CoreTelephony.framework in Frameworks */ = {isa = PBXBuildFile; fileRef = 3C4B1B721D65AFB100C425D4 /* CoreTelephony.framework */; };
		3C4B1B751D65AFB800C425D4 /* libz.tbd in Frameworks */ = {isa = PBXBuildFile; fileRef = 3C4B1B741D65AFB800C425D4 /* libz.tbd */; };
		3C4B1B771D65AFC100C425D4 /* libsqlite3.tbd in Frameworks */ = {isa = PBXBuildFile; fileRef = 3C4B1B761D65AFC100C425D4 /* libsqlite3.tbd */; };
		3C4B1B7B1D65B0EB00C425D4 /* UMMobClick.framework in Frameworks */ = {isa = PBXBuildFile; fileRef = 3C4B1B7A1D65B0EB00C425D4 /* UMMobClick.framework */; };
		3C87D8721D6308C400651B78 /* RequestManager.m in Sources */ = {isa = PBXBuildFile; fileRef = 3C87D8711D6308C400651B78 /* RequestManager.m */; };
		3C87D8751D631FA100651B78 /* BannerModel.m in Sources */ = {isa = PBXBuildFile; fileRef = 3C87D8741D631FA100651B78 /* BannerModel.m */; };
		3CCA7B961D62295700B1A8E0 /* AFHTTPSessionManager.m in Sources */ = {isa = PBXBuildFile; fileRef = 3CCA7B751D62295700B1A8E0 /* AFHTTPSessionManager.m */; };
		3CCA7B971D62295700B1A8E0 /* AFNetworkReachabilityManager.m in Sources */ = {isa = PBXBuildFile; fileRef = 3CCA7B781D62295700B1A8E0 /* AFNetworkReachabilityManager.m */; };
		3CCA7B981D62295700B1A8E0 /* AFSecurityPolicy.m in Sources */ = {isa = PBXBuildFile; fileRef = 3CCA7B7A1D62295700B1A8E0 /* AFSecurityPolicy.m */; };
		3CCA7B991D62295700B1A8E0 /* AFURLRequestSerialization.m in Sources */ = {isa = PBXBuildFile; fileRef = 3CCA7B7C1D62295700B1A8E0 /* AFURLRequestSerialization.m */; };
		3CCA7B9A1D62295700B1A8E0 /* AFURLResponseSerialization.m in Sources */ = {isa = PBXBuildFile; fileRef = 3CCA7B7E1D62295700B1A8E0 /* AFURLResponseSerialization.m */; };
		3CCA7B9B1D62295700B1A8E0 /* AFURLSessionManager.m in Sources */ = {isa = PBXBuildFile; fileRef = 3CCA7B801D62295700B1A8E0 /* AFURLSessionManager.m */; };
		3CCA7B9C1D62295700B1A8E0 /* AFAutoPurgingImageCache.m in Sources */ = {isa = PBXBuildFile; fileRef = 3CCA7B831D62295700B1A8E0 /* AFAutoPurgingImageCache.m */; };
		3CCA7B9D1D62295700B1A8E0 /* AFImageDownloader.m in Sources */ = {isa = PBXBuildFile; fileRef = 3CCA7B851D62295700B1A8E0 /* AFImageDownloader.m */; };
		3CCA7B9E1D62295700B1A8E0 /* AFNetworkActivityIndicatorManager.m in Sources */ = {isa = PBXBuildFile; fileRef = 3CCA7B871D62295700B1A8E0 /* AFNetworkActivityIndicatorManager.m */; };
		3CCA7B9F1D62295700B1A8E0 /* UIActivityIndicatorView+AFNetworking.m in Sources */ = {isa = PBXBuildFile; fileRef = 3CCA7B891D62295700B1A8E0 /* UIActivityIndicatorView+AFNetworking.m */; };
		3CCA7BA01D62295700B1A8E0 /* UIButton+AFNetworking.m in Sources */ = {isa = PBXBuildFile; fileRef = 3CCA7B8B1D62295700B1A8E0 /* UIButton+AFNetworking.m */; };
		3CCA7BA11D62295700B1A8E0 /* UIImageView+AFNetworking.m in Sources */ = {isa = PBXBuildFile; fileRef = 3CCA7B8E1D62295700B1A8E0 /* UIImageView+AFNetworking.m */; };
		3CCA7BA21D62295700B1A8E0 /* UIProgressView+AFNetworking.m in Sources */ = {isa = PBXBuildFile; fileRef = 3CCA7B911D62295700B1A8E0 /* UIProgressView+AFNetworking.m */; };
		3CCA7BA31D62295700B1A8E0 /* UIRefreshControl+AFNetworking.m in Sources */ = {isa = PBXBuildFile; fileRef = 3CCA7B931D62295700B1A8E0 /* UIRefreshControl+AFNetworking.m */; };
		3CCA7BA41D62295700B1A8E0 /* UIWebView+AFNetworking.m in Sources */ = {isa = PBXBuildFile; fileRef = 3CCA7B951D62295700B1A8E0 /* UIWebView+AFNetworking.m */; };
/* End PBXBuildFile section */

/* Begin PBXContainerItemProxy section */
		3C2A8EEE1D5B32220012C5B3 /* PBXContainerItemProxy */ = {
			isa = PBXContainerItemProxy;
			containerPortal = 3C2A8ECC1D5B32220012C5B3 /* Project object */;
			proxyType = 1;
			remoteGlobalIDString = 3C2A8ED31D5B32220012C5B3;
			remoteInfo = GitTest;
		};
		3C2A8EF91D5B32220012C5B3 /* PBXContainerItemProxy */ = {
			isa = PBXContainerItemProxy;
			containerPortal = 3C2A8ECC1D5B32220012C5B3 /* Project object */;
			proxyType = 1;
			remoteGlobalIDString = 3C2A8ED31D5B32220012C5B3;
			remoteInfo = GitTest;
		};
/* End PBXContainerItemProxy section */

/* Begin PBXFileReference section */
		3C2A8ED41D5B32220012C5B3 /* GitTest.app */ = {isa = PBXFileReference; explicitFileType = wrapper.application; includeInIndex = 0; path = GitTest.app; sourceTree = BUILT_PRODUCTS_DIR; };
		3C2A8ED81D5B32220012C5B3 /* main.m */ = {isa = PBXFileReference; lastKnownFileType = sourcecode.c.objc; path = main.m; sourceTree = "<group>"; };
		3C2A8EDA1D5B32220012C5B3 /* AppDelegate.h */ = {isa = PBXFileReference; lastKnownFileType = sourcecode.c.h; path = AppDelegate.h; sourceTree = "<group>"; };
		3C2A8EDB1D5B32220012C5B3 /* AppDelegate.m */ = {isa = PBXFileReference; lastKnownFileType = sourcecode.c.objc; path = AppDelegate.m; sourceTree = "<group>"; };
		3C2A8EDD1D5B32220012C5B3 /* MainViewController.h */ = {isa = PBXFileReference; lastKnownFileType = sourcecode.c.h; path = MainViewController.h; sourceTree = "<group>"; };
		3C2A8EDE1D5B32220012C5B3 /* MainViewController.m */ = {isa = PBXFileReference; lastKnownFileType = sourcecode.c.objc; path = MainViewController.m; sourceTree = "<group>"; };
		3C2A8EE31D5B32220012C5B3 /* Assets.xcassets */ = {isa = PBXFileReference; lastKnownFileType = folder.assetcatalog; path = Assets.xcassets; sourceTree = "<group>"; };
		3C2A8EE61D5B32220012C5B3 /* Base */ = {isa = PBXFileReference; lastKnownFileType = file.storyboard; name = Base; path = Base.lproj/LaunchScreen.storyboard; sourceTree = "<group>"; };
		3C2A8EE81D5B32220012C5B3 /* Info.plist */ = {isa = PBXFileReference; lastKnownFileType = text.plist.xml; path = Info.plist; sourceTree = "<group>"; };
		3C2A8EED1D5B32220012C5B3 /* GitTestTests.xctest */ = {isa = PBXFileReference; explicitFileType = wrapper.cfbundle; includeInIndex = 0; path = GitTestTests.xctest; sourceTree = BUILT_PRODUCTS_DIR; };
		3C2A8EF11D5B32220012C5B3 /* GitTestTests.m */ = {isa = PBXFileReference; lastKnownFileType = sourcecode.c.objc; path = GitTestTests.m; sourceTree = "<group>"; };
		3C2A8EF31D5B32220012C5B3 /* Info.plist */ = {isa = PBXFileReference; lastKnownFileType = text.plist.xml; path = Info.plist; sourceTree = "<group>"; };
		3C2A8EF81D5B32220012C5B3 /* GitTestUITests.xctest */ = {isa = PBXFileReference; explicitFileType = wrapper.cfbundle; includeInIndex = 0; path = GitTestUITests.xctest; sourceTree = BUILT_PRODUCTS_DIR; };
		3C2A8EFC1D5B32220012C5B3 /* GitTestUITests.m */ = {isa = PBXFileReference; lastKnownFileType = sourcecode.c.objc; path = GitTestUITests.m; sourceTree = "<group>"; };
		3C2A8EFE1D5B32220012C5B3 /* Info.plist */ = {isa = PBXFileReference; lastKnownFileType = text.plist.xml; path = Info.plist; sourceTree = "<group>"; };
		3C2A8F0B1D5B32910012C5B3 /* Info.plist */ = {isa = PBXFileReference; fileEncoding = 4; lastKnownFileType = text.plist.xml; path = Info.plist; sourceTree = "<group>"; };
		3C2A8F0C1D5B32910012C5B3 /* MASCompositeConstraint.h */ = {isa = PBXFileReference; fileEncoding = 4; lastKnownFileType = sourcecode.c.h; path = MASCompositeConstraint.h; sourceTree = "<group>"; };
		3C2A8F0D1D5B32910012C5B3 /* MASCompositeConstraint.m */ = {isa = PBXFileReference; fileEncoding = 4; lastKnownFileType = sourcecode.c.objc; path = MASCompositeConstraint.m; sourceTree = "<group>"; };
		3C2A8F0E1D5B32910012C5B3 /* MASConstraint+Private.h */ = {isa = PBXFileReference; fileEncoding = 4; lastKnownFileType = sourcecode.c.h; path = "MASConstraint+Private.h"; sourceTree = "<group>"; };
		3C2A8F0F1D5B32910012C5B3 /* MASConstraint.h */ = {isa = PBXFileReference; fileEncoding = 4; lastKnownFileType = sourcecode.c.h; path = MASConstraint.h; sourceTree = "<group>"; };
		3C2A8F101D5B32910012C5B3 /* MASConstraint.m */ = {isa = PBXFileReference; fileEncoding = 4; lastKnownFileType = sourcecode.c.objc; path = MASConstraint.m; sourceTree = "<group>"; };
		3C2A8F111D5B32910012C5B3 /* MASConstraintMaker.h */ = {isa = PBXFileReference; fileEncoding = 4; lastKnownFileType = sourcecode.c.h; path = MASConstraintMaker.h; sourceTree = "<group>"; };
		3C2A8F121D5B32910012C5B3 /* MASConstraintMaker.m */ = {isa = PBXFileReference; fileEncoding = 4; lastKnownFileType = sourcecode.c.objc; path = MASConstraintMaker.m; sourceTree = "<group>"; };
		3C2A8F131D5B32910012C5B3 /* MASLayoutConstraint.h */ = {isa = PBXFileReference; fileEncoding = 4; lastKnownFileType = sourcecode.c.h; path = MASLayoutConstraint.h; sourceTree = "<group>"; };
		3C2A8F141D5B32910012C5B3 /* MASLayoutConstraint.m */ = {isa = PBXFileReference; fileEncoding = 4; lastKnownFileType = sourcecode.c.objc; path = MASLayoutConstraint.m; sourceTree = "<group>"; };
		3C2A8F151D5B32910012C5B3 /* Masonry.h */ = {isa = PBXFileReference; fileEncoding = 4; lastKnownFileType = sourcecode.c.h; path = Masonry.h; sourceTree = "<group>"; };
		3C2A8F161D5B32910012C5B3 /* MASUtilities.h */ = {isa = PBXFileReference; fileEncoding = 4; lastKnownFileType = sourcecode.c.h; path = MASUtilities.h; sourceTree = "<group>"; };
		3C2A8F171D5B32910012C5B3 /* MASViewAttribute.h */ = {isa = PBXFileReference; fileEncoding = 4; lastKnownFileType = sourcecode.c.h; path = MASViewAttribute.h; sourceTree = "<group>"; };
		3C2A8F181D5B32910012C5B3 /* MASViewAttribute.m */ = {isa = PBXFileReference; fileEncoding = 4; lastKnownFileType = sourcecode.c.objc; path = MASViewAttribute.m; sourceTree = "<group>"; };
		3C2A8F191D5B32910012C5B3 /* MASViewConstraint.h */ = {isa = PBXFileReference; fileEncoding = 4; lastKnownFileType = sourcecode.c.h; path = MASViewConstraint.h; sourceTree = "<group>"; };
		3C2A8F1A1D5B32910012C5B3 /* MASViewConstraint.m */ = {isa = PBXFileReference; fileEncoding = 4; lastKnownFileType = sourcecode.c.objc; path = MASViewConstraint.m; sourceTree = "<group>"; };
		3C2A8F1B1D5B32910012C5B3 /* NSArray+MASAdditions.h */ = {isa = PBXFileReference; fileEncoding = 4; lastKnownFileType = sourcecode.c.h; path = "NSArray+MASAdditions.h"; sourceTree = "<group>"; };
		3C2A8F1C1D5B32910012C5B3 /* NSArray+MASAdditions.m */ = {isa = PBXFileReference; fileEncoding = 4; lastKnownFileType = sourcecode.c.objc; path = "NSArray+MASAdditions.m"; sourceTree = "<group>"; };
		3C2A8F1D1D5B32910012C5B3 /* NSArray+MASShorthandAdditions.h */ = {isa = PBXFileReference; fileEncoding = 4; lastKnownFileType = sourcecode.c.h; path = "NSArray+MASShorthandAdditions.h"; sourceTree = "<group>"; };
		3C2A8F1E1D5B32910012C5B3 /* NSLayoutConstraint+MASDebugAdditions.h */ = {isa = PBXFileReference; fileEncoding = 4; lastKnownFileType = sourcecode.c.h; path = "NSLayoutConstraint+MASDebugAdditions.h"; sourceTree = "<group>"; };
		3C2A8F1F1D5B32910012C5B3 /* NSLayoutConstraint+MASDebugAdditions.m */ = {isa = PBXFileReference; fileEncoding = 4; lastKnownFileType = sourcecode.c.objc; path = "NSLayoutConstraint+MASDebugAdditions.m"; sourceTree = "<group>"; };
		3C2A8F201D5B32910012C5B3 /* View+MASAdditions.h */ = {isa = PBXFileReference; fileEncoding = 4; lastKnownFileType = sourcecode.c.h; path = "View+MASAdditions.h"; sourceTree = "<group>"; };
		3C2A8F211D5B32910012C5B3 /* View+MASAdditions.m */ = {isa = PBXFileReference; fileEncoding = 4; lastKnownFileType = sourcecode.c.objc; path = "View+MASAdditions.m"; sourceTree = "<group>"; };
		3C2A8F221D5B32910012C5B3 /* View+MASShorthandAdditions.h */ = {isa = PBXFileReference; fileEncoding = 4; lastKnownFileType = sourcecode.c.h; path = "View+MASShorthandAdditions.h"; sourceTree = "<group>"; };
		3C2A8F231D5B32910012C5B3 /* ViewController+MASAdditions.h */ = {isa = PBXFileReference; fileEncoding = 4; lastKnownFileType = sourcecode.c.h; path = "ViewController+MASAdditions.h"; sourceTree = "<group>"; };
		3C2A8F241D5B32910012C5B3 /* ViewController+MASAdditions.m */ = {isa = PBXFileReference; fileEncoding = 4; lastKnownFileType = sourcecode.c.objc; path = "ViewController+MASAdditions.m"; sourceTree = "<group>"; };
		3C2A8F301D5B7D370012C5B3 /* MineViewController.h */ = {isa = PBXFileReference; fileEncoding = 4; lastKnownFileType = sourcecode.c.h; path = MineViewController.h; sourceTree = "<group>"; };
		3C2A8F311D5B7D370012C5B3 /* MineViewController.m */ = {isa = PBXFileReference; fileEncoding = 4; lastKnownFileType = sourcecode.c.objc; path = MineViewController.m; sourceTree = "<group>"; };
		3C2A8F361D5B91890012C5B3 /* adCell.h */ = {isa = PBXFileReference; fileEncoding = 4; lastKnownFileType = sourcecode.c.h; path = adCell.h; sourceTree = "<group>"; };
		3C2A8F371D5B91890012C5B3 /* adCell.m */ = {isa = PBXFileReference; fileEncoding = 4; lastKnownFileType = sourcecode.c.objc; path = adCell.m; sourceTree = "<group>"; };
		3C2A8F391D5B97470012C5B3 /* ContentCell.h */ = {isa = PBXFileReference; fileEncoding = 4; lastKnownFileType = sourcecode.c.h; path = ContentCell.h; sourceTree = "<group>"; };
		3C2A8F3A1D5B97470012C5B3 /* ContentCell.m */ = {isa = PBXFileReference; fileEncoding = 4; lastKnownFileType = sourcecode.c.objc; path = ContentCell.m; sourceTree = "<group>"; };
		3C2A8F3C1D5BAE7A0012C5B3 /* HeaderReusableView.h */ = {isa = PBXFileReference; fileEncoding = 4; lastKnownFileType = sourcecode.c.h; path = HeaderReusableView.h; sourceTree = "<group>"; };
		3C2A8F3D1D5BAE7A0012C5B3 /* HeaderReusableView.m */ = {isa = PBXFileReference; fileEncoding = 4; lastKnownFileType = sourcecode.c.objc; path = HeaderReusableView.m; sourceTree = "<group>"; };
		3C2A8F3F1D5BB0C50012C5B3 /* FooterReusableView.h */ = {isa = PBXFileReference; fileEncoding = 4; lastKnownFileType = sourcecode.c.h; path = FooterReusableView.h; sourceTree = "<group>"; };
		3C2A8F401D5BB0C50012C5B3 /* FooterReusableView.m */ = {isa = PBXFileReference; fileEncoding = 4; lastKnownFileType = sourcecode.c.objc; path = FooterReusableView.m; sourceTree = "<group>"; };
		3C2A8F421D5BBBB60012C5B3 /* MoreViewController.h */ = {isa = PBXFileReference; fileEncoding = 4; lastKnownFileType = sourcecode.c.h; path = MoreViewController.h; sourceTree = "<group>"; };
		3C2A8F431D5BBBB60012C5B3 /* MoreViewController.m */ = {isa = PBXFileReference; fileEncoding = 4; lastKnownFileType = sourcecode.c.objc; path = MoreViewController.m; sourceTree = "<group>"; };
		3C2A8F451D5C43330012C5B3 /* LoginViewController.h */ = {isa = PBXFileReference; fileEncoding = 4; lastKnownFileType = sourcecode.c.h; path = LoginViewController.h; sourceTree = "<group>"; };
		3C2A8F461D5C43330012C5B3 /* LoginViewController.m */ = {isa = PBXFileReference; fileEncoding = 4; lastKnownFileType = sourcecode.c.objc; path = LoginViewController.m; sourceTree = "<group>"; };
		3C2A8F4D1D5C62510012C5B3 /* DetailViewController.h */ = {isa = PBXFileReference; fileEncoding = 4; lastKnownFileType = sourcecode.c.h; path = DetailViewController.h; sourceTree = "<group>"; };
		3C2A8F4E1D5C62510012C5B3 /* DetailViewController.m */ = {isa = PBXFileReference; fileEncoding = 4; lastKnownFileType = sourcecode.c.objc; path = DetailViewController.m; sourceTree = "<group>"; };
		3C4B1B351D64852B00C425D4 /* MKAnnotationView+WebCache.h */ = {isa = PBXFileReference; fileEncoding = 4; lastKnownFileType = sourcecode.c.h; path = "MKAnnotationView+WebCache.h"; sourceTree = "<group>"; };
		3C4B1B361D64852B00C425D4 /* MKAnnotationView+WebCache.m */ = {isa = PBXFileReference; fileEncoding = 4; lastKnownFileType = sourcecode.c.objc; path = "MKAnnotationView+WebCache.m"; sourceTree = "<group>"; };
		3C4B1B371D64852B00C425D4 /* NSData+ImageContentType.h */ = {isa = PBXFileReference; fileEncoding = 4; lastKnownFileType = sourcecode.c.h; path = "NSData+ImageContentType.h"; sourceTree = "<group>"; };
		3C4B1B381D64852B00C425D4 /* NSData+ImageContentType.m */ = {isa = PBXFileReference; fileEncoding = 4; lastKnownFileType = sourcecode.c.objc; path = "NSData+ImageContentType.m"; sourceTree = "<group>"; };
		3C4B1B391D64852B00C425D4 /* SDImageCache.h */ = {isa = PBXFileReference; fileEncoding = 4; lastKnownFileType = sourcecode.c.h; path = SDImageCache.h; sourceTree = "<group>"; };
		3C4B1B3A1D64852B00C425D4 /* SDImageCache.m */ = {isa = PBXFileReference; fileEncoding = 4; lastKnownFileType = sourcecode.c.objc; path = SDImageCache.m; sourceTree = "<group>"; };
		3C4B1B3B1D64852B00C425D4 /* SDWebImageCompat.h */ = {isa = PBXFileReference; fileEncoding = 4; lastKnownFileType = sourcecode.c.h; path = SDWebImageCompat.h; sourceTree = "<group>"; };
		3C4B1B3C1D64852B00C425D4 /* SDWebImageCompat.m */ = {isa = PBXFileReference; fileEncoding = 4; lastKnownFileType = sourcecode.c.objc; path = SDWebImageCompat.m; sourceTree = "<group>"; };
		3C4B1B3D1D64852B00C425D4 /* SDWebImageDecoder.h */ = {isa = PBXFileReference; fileEncoding = 4; lastKnownFileType = sourcecode.c.h; path = SDWebImageDecoder.h; sourceTree = "<group>"; };
		3C4B1B3E1D64852B00C425D4 /* SDWebImageDecoder.m */ = {isa = PBXFileReference; fileEncoding = 4; lastKnownFileType = sourcecode.c.objc; path = SDWebImageDecoder.m; sourceTree = "<group>"; };
		3C4B1B3F1D64852B00C425D4 /* SDWebImageDownloader.h */ = {isa = PBXFileReference; fileEncoding = 4; lastKnownFileType = sourcecode.c.h; path = SDWebImageDownloader.h; sourceTree = "<group>"; };
		3C4B1B401D64852B00C425D4 /* SDWebImageDownloader.m */ = {isa = PBXFileReference; fileEncoding = 4; lastKnownFileType = sourcecode.c.objc; path = SDWebImageDownloader.m; sourceTree = "<group>"; };
		3C4B1B411D64852B00C425D4 /* SDWebImageDownloaderOperation.h */ = {isa = PBXFileReference; fileEncoding = 4; lastKnownFileType = sourcecode.c.h; path = SDWebImageDownloaderOperation.h; sourceTree = "<group>"; };
		3C4B1B421D64852B00C425D4 /* SDWebImageDownloaderOperation.m */ = {isa = PBXFileReference; fileEncoding = 4; lastKnownFileType = sourcecode.c.objc; path = SDWebImageDownloaderOperation.m; sourceTree = "<group>"; };
		3C4B1B431D64852B00C425D4 /* SDWebImageManager.h */ = {isa = PBXFileReference; fileEncoding = 4; lastKnownFileType = sourcecode.c.h; path = SDWebImageManager.h; sourceTree = "<group>"; };
		3C4B1B441D64852B00C425D4 /* SDWebImageManager.m */ = {isa = PBXFileReference; fileEncoding = 4; lastKnownFileType = sourcecode.c.objc; path = SDWebImageManager.m; sourceTree = "<group>"; };
		3C4B1B451D64852B00C425D4 /* SDWebImageOperation.h */ = {isa = PBXFileReference; fileEncoding = 4; lastKnownFileType = sourcecode.c.h; path = SDWebImageOperation.h; sourceTree = "<group>"; };
		3C4B1B461D64852B00C425D4 /* SDWebImagePrefetcher.h */ = {isa = PBXFileReference; fileEncoding = 4; lastKnownFileType = sourcecode.c.h; path = SDWebImagePrefetcher.h; sourceTree = "<group>"; };
		3C4B1B471D64852B00C425D4 /* SDWebImagePrefetcher.m */ = {isa = PBXFileReference; fileEncoding = 4; lastKnownFileType = sourcecode.c.objc; path = SDWebImagePrefetcher.m; sourceTree = "<group>"; };
		3C4B1B481D64852B00C425D4 /* UIButton+WebCache.h */ = {isa = PBXFileReference; fileEncoding = 4; lastKnownFileType = sourcecode.c.h; path = "UIButton+WebCache.h"; sourceTree = "<group>"; };
		3C4B1B491D64852B00C425D4 /* UIButton+WebCache.m */ = {isa = PBXFileReference; fileEncoding = 4; lastKnownFileType = sourcecode.c.objc; path = "UIButton+WebCache.m"; sourceTree = "<group>"; };
		3C4B1B4A1D64852B00C425D4 /* UIImage+GIF.h */ = {isa = PBXFileReference; fileEncoding = 4; lastKnownFileType = sourcecode.c.h; path = "UIImage+GIF.h"; sourceTree = "<group>"; };
		3C4B1B4B1D64852B00C425D4 /* UIImage+GIF.m */ = {isa = PBXFileReference; fileEncoding = 4; lastKnownFileType = sourcecode.c.objc; path = "UIImage+GIF.m"; sourceTree = "<group>"; };
		3C4B1B4C1D64852B00C425D4 /* UIImage+MultiFormat.h */ = {isa = PBXFileReference; fileEncoding = 4; lastKnownFileType = sourcecode.c.h; path = "UIImage+MultiFormat.h"; sourceTree = "<group>"; };
		3C4B1B4D1D64852B00C425D4 /* UIImage+MultiFormat.m */ = {isa = PBXFileReference; fileEncoding = 4; lastKnownFileType = sourcecode.c.objc; path = "UIImage+MultiFormat.m"; sourceTree = "<group>"; };
		3C4B1B4E1D64852B00C425D4 /* UIImage+WebP.h */ = {isa = PBXFileReference; fileEncoding = 4; lastKnownFileType = sourcecode.c.h; path = "UIImage+WebP.h"; sourceTree = "<group>"; };
		3C4B1B4F1D64852B00C425D4 /* UIImage+WebP.m */ = {isa = PBXFileReference; fileEncoding = 4; lastKnownFileType = sourcecode.c.objc; path = "UIImage+WebP.m"; sourceTree = "<group>"; };
		3C4B1B501D64852B00C425D4 /* UIImageView+HighlightedWebCache.h */ = {isa = PBXFileReference; fileEncoding = 4; lastKnownFileType = sourcecode.c.h; path = "UIImageView+HighlightedWebCache.h"; sourceTree = "<group>"; };
		3C4B1B511D64852B00C425D4 /* UIImageView+HighlightedWebCache.m */ = {isa = PBXFileReference; fileEncoding = 4; lastKnownFileType = sourcecode.c.objc; path = "UIImageView+HighlightedWebCache.m"; sourceTree = "<group>"; };
		3C4B1B521D64852B00C425D4 /* UIImageView+WebCache.h */ = {isa = PBXFileReference; fileEncoding = 4; lastKnownFileType = sourcecode.c.h; path = "UIImageView+WebCache.h"; sourceTree = "<group>"; };
		3C4B1B531D64852B00C425D4 /* UIImageView+WebCache.m */ = {isa = PBXFileReference; fileEncoding = 4; lastKnownFileType = sourcecode.c.objc; path = "UIImageView+WebCache.m"; sourceTree = "<group>"; };
		3C4B1B541D64852B00C425D4 /* UIView+WebCacheOperation.h */ = {isa = PBXFileReference; fileEncoding = 4; lastKnownFileType = sourcecode.c.h; path = "UIView+WebCacheOperation.h"; sourceTree = "<group>"; };
		3C4B1B551D64852B00C425D4 /* UIView+WebCacheOperation.m */ = {isa = PBXFileReference; fileEncoding = 4; lastKnownFileType = sourcecode.c.objc; path = "UIView+WebCacheOperation.m"; sourceTree = "<group>"; };
		3C4B1B661D65476D00C425D4 /* CourseModel.h */ = {isa = PBXFileReference; fileEncoding = 4; lastKnownFileType = sourcecode.c.h; path = CourseModel.h; sourceTree = "<group>"; };
		3C4B1B671D65476D00C425D4 /* CourseModel.m */ = {isa = PBXFileReference; fileEncoding = 4; lastKnownFileType = sourcecode.c.objc; path = CourseModel.m; sourceTree = "<group>"; };
		3C4B1B721D65AFB100C425D4 /* CoreTelephony.framework */ = {isa = PBXFileReference; lastKnownFileType = wrapper.framework; name = CoreTelephony.framework; path = System/Library/Frameworks/CoreTelephony.framework; sourceTree = SDKROOT; };
		3C4B1B741D65AFB800C425D4 /* libz.tbd */ = {isa = PBXFileReference; lastKnownFileType = "sourcecode.text-based-dylib-definition"; name = libz.tbd; path = usr/lib/libz.tbd; sourceTree = SDKROOT; };
		3C4B1B761D65AFC100C425D4 /* libsqlite3.tbd */ = {isa = PBXFileReference; lastKnownFileType = "sourcecode.text-based-dylib-definition"; name = libsqlite3.tbd; path = usr/lib/libsqlite3.tbd; sourceTree = SDKROOT; };
		3C4B1B7A1D65B0EB00C425D4 /* UMMobClick.framework */ = {isa = PBXFileReference; lastKnownFileType = wrapper.framework; path = UMMobClick.framework; sourceTree = "<group>"; };
		3C87D8701D6308C400651B78 /* RequestManager.h */ = {isa = PBXFileReference; fileEncoding = 4; lastKnownFileType = sourcecode.c.h; path = RequestManager.h; sourceTree = "<group>"; };
		3C87D8711D6308C400651B78 /* RequestManager.m */ = {isa = PBXFileReference; fileEncoding = 4; lastKnownFileType = sourcecode.c.objc; path = RequestManager.m; sourceTree = "<group>"; };
		3C87D8731D631FA100651B78 /* BannerModel.h */ = {isa = PBXFileReference; fileEncoding = 4; lastKnownFileType = sourcecode.c.h; path = BannerModel.h; sourceTree = "<group>"; };
		3C87D8741D631FA100651B78 /* BannerModel.m */ = {isa = PBXFileReference; fileEncoding = 4; lastKnownFileType = sourcecode.c.objc; path = BannerModel.m; sourceTree = "<group>"; };
		3CCA7B741D62295700B1A8E0 /* AFHTTPSessionManager.h */ = {isa = PBXFileReference; fileEncoding = 4; lastKnownFileType = sourcecode.c.h; path = AFHTTPSessionManager.h; sourceTree = "<group>"; };
		3CCA7B751D62295700B1A8E0 /* AFHTTPSessionManager.m */ = {isa = PBXFileReference; fileEncoding = 4; lastKnownFileType = sourcecode.c.objc; path = AFHTTPSessionManager.m; sourceTree = "<group>"; };
		3CCA7B761D62295700B1A8E0 /* AFNetworking.h */ = {isa = PBXFileReference; fileEncoding = 4; lastKnownFileType = sourcecode.c.h; path = AFNetworking.h; sourceTree = "<group>"; };
		3CCA7B771D62295700B1A8E0 /* AFNetworkReachabilityManager.h */ = {isa = PBXFileReference; fileEncoding = 4; lastKnownFileType = sourcecode.c.h; path = AFNetworkReachabilityManager.h; sourceTree = "<group>"; };
		3CCA7B781D62295700B1A8E0 /* AFNetworkReachabilityManager.m */ = {isa = PBXFileReference; fileEncoding = 4; lastKnownFileType = sourcecode.c.objc; path = AFNetworkReachabilityManager.m; sourceTree = "<group>"; };
		3CCA7B791D62295700B1A8E0 /* AFSecurityPolicy.h */ = {isa = PBXFileReference; fileEncoding = 4; lastKnownFileType = sourcecode.c.h; path = AFSecurityPolicy.h; sourceTree = "<group>"; };
		3CCA7B7A1D62295700B1A8E0 /* AFSecurityPolicy.m */ = {isa = PBXFileReference; fileEncoding = 4; lastKnownFileType = sourcecode.c.objc; path = AFSecurityPolicy.m; sourceTree = "<group>"; };
		3CCA7B7B1D62295700B1A8E0 /* AFURLRequestSerialization.h */ = {isa = PBXFileReference; fileEncoding = 4; lastKnownFileType = sourcecode.c.h; path = AFURLRequestSerialization.h; sourceTree = "<group>"; };
		3CCA7B7C1D62295700B1A8E0 /* AFURLRequestSerialization.m */ = {isa = PBXFileReference; fileEncoding = 4; lastKnownFileType = sourcecode.c.objc; path = AFURLRequestSerialization.m; sourceTree = "<group>"; };
		3CCA7B7D1D62295700B1A8E0 /* AFURLResponseSerialization.h */ = {isa = PBXFileReference; fileEncoding = 4; lastKnownFileType = sourcecode.c.h; path = AFURLResponseSerialization.h; sourceTree = "<group>"; };
		3CCA7B7E1D62295700B1A8E0 /* AFURLResponseSerialization.m */ = {isa = PBXFileReference; fileEncoding = 4; lastKnownFileType = sourcecode.c.objc; path = AFURLResponseSerialization.m; sourceTree = "<group>"; };
		3CCA7B7F1D62295700B1A8E0 /* AFURLSessionManager.h */ = {isa = PBXFileReference; fileEncoding = 4; lastKnownFileType = sourcecode.c.h; path = AFURLSessionManager.h; sourceTree = "<group>"; };
		3CCA7B801D62295700B1A8E0 /* AFURLSessionManager.m */ = {isa = PBXFileReference; fileEncoding = 4; lastKnownFileType = sourcecode.c.objc; path = AFURLSessionManager.m; sourceTree = "<group>"; };
		3CCA7B821D62295700B1A8E0 /* AFAutoPurgingImageCache.h */ = {isa = PBXFileReference; fileEncoding = 4; lastKnownFileType = sourcecode.c.h; path = AFAutoPurgingImageCache.h; sourceTree = "<group>"; };
		3CCA7B831D62295700B1A8E0 /* AFAutoPurgingImageCache.m */ = {isa = PBXFileReference; fileEncoding = 4; lastKnownFileType = sourcecode.c.objc; path = AFAutoPurgingImageCache.m; sourceTree = "<group>"; };
		3CCA7B841D62295700B1A8E0 /* AFImageDownloader.h */ = {isa = PBXFileReference; fileEncoding = 4; lastKnownFileType = sourcecode.c.h; path = AFImageDownloader.h; sourceTree = "<group>"; };
		3CCA7B851D62295700B1A8E0 /* AFImageDownloader.m */ = {isa = PBXFileReference; fileEncoding = 4; lastKnownFileType = sourcecode.c.objc; path = AFImageDownloader.m; sourceTree = "<group>"; };
		3CCA7B861D62295700B1A8E0 /* AFNetworkActivityIndicatorManager.h */ = {isa = PBXFileReference; fileEncoding = 4; lastKnownFileType = sourcecode.c.h; path = AFNetworkActivityIndicatorManager.h; sourceTree = "<group>"; };
		3CCA7B871D62295700B1A8E0 /* AFNetworkActivityIndicatorManager.m */ = {isa = PBXFileReference; fileEncoding = 4; lastKnownFileType = sourcecode.c.objc; path = AFNetworkActivityIndicatorManager.m; sourceTree = "<group>"; };
		3CCA7B881D62295700B1A8E0 /* UIActivityIndicatorView+AFNetworking.h */ = {isa = PBXFileReference; fileEncoding = 4; lastKnownFileType = sourcecode.c.h; path = "UIActivityIndicatorView+AFNetworking.h"; sourceTree = "<group>"; };
		3CCA7B891D62295700B1A8E0 /* UIActivityIndicatorView+AFNetworking.m */ = {isa = PBXFileReference; fileEncoding = 4; lastKnownFileType = sourcecode.c.objc; path = "UIActivityIndicatorView+AFNetworking.m"; sourceTree = "<group>"; };
		3CCA7B8A1D62295700B1A8E0 /* UIButton+AFNetworking.h */ = {isa = PBXFileReference; fileEncoding = 4; lastKnownFileType = sourcecode.c.h; path = "UIButton+AFNetworking.h"; sourceTree = "<group>"; };
		3CCA7B8B1D62295700B1A8E0 /* UIButton+AFNetworking.m */ = {isa = PBXFileReference; fileEncoding = 4; lastKnownFileType = sourcecode.c.objc; path = "UIButton+AFNetworking.m"; sourceTree = "<group>"; };
		3CCA7B8C1D62295700B1A8E0 /* UIImage+AFNetworking.h */ = {isa = PBXFileReference; fileEncoding = 4; lastKnownFileType = sourcecode.c.h; path = "UIImage+AFNetworking.h"; sourceTree = "<group>"; };
		3CCA7B8D1D62295700B1A8E0 /* UIImageView+AFNetworking.h */ = {isa = PBXFileReference; fileEncoding = 4; lastKnownFileType = sourcecode.c.h; path = "UIImageView+AFNetworking.h"; sourceTree = "<group>"; };
		3CCA7B8E1D62295700B1A8E0 /* UIImageView+AFNetworking.m */ = {isa = PBXFileReference; fileEncoding = 4; lastKnownFileType = sourcecode.c.objc; path = "UIImageView+AFNetworking.m"; sourceTree = "<group>"; };
		3CCA7B8F1D62295700B1A8E0 /* UIKit+AFNetworking.h */ = {isa = PBXFileReference; fileEncoding = 4; lastKnownFileType = sourcecode.c.h; path = "UIKit+AFNetworking.h"; sourceTree = "<group>"; };
		3CCA7B901D62295700B1A8E0 /* UIProgressView+AFNetworking.h */ = {isa = PBXFileReference; fileEncoding = 4; lastKnownFileType = sourcecode.c.h; path = "UIProgressView+AFNetworking.h"; sourceTree = "<group>"; };
		3CCA7B911D62295700B1A8E0 /* UIProgressView+AFNetworking.m */ = {isa = PBXFileReference; fileEncoding = 4; lastKnownFileType = sourcecode.c.objc; path = "UIProgressView+AFNetworking.m"; sourceTree = "<group>"; };
		3CCA7B921D62295700B1A8E0 /* UIRefreshControl+AFNetworking.h */ = {isa = PBXFileReference; fileEncoding = 4; lastKnownFileType = sourcecode.c.h; path = "UIRefreshControl+AFNetworking.h"; sourceTree = "<group>"; };
		3CCA7B931D62295700B1A8E0 /* UIRefreshControl+AFNetworking.m */ = {isa = PBXFileReference; fileEncoding = 4; lastKnownFileType = sourcecode.c.objc; path = "UIRefreshControl+AFNetworking.m"; sourceTree = "<group>"; };
		3CCA7B941D62295700B1A8E0 /* UIWebView+AFNetworking.h */ = {isa = PBXFileReference; fileEncoding = 4; lastKnownFileType = sourcecode.c.h; path = "UIWebView+AFNetworking.h"; sourceTree = "<group>"; };
		3CCA7B951D62295700B1A8E0 /* UIWebView+AFNetworking.m */ = {isa = PBXFileReference; fileEncoding = 4; lastKnownFileType = sourcecode.c.objc; path = "UIWebView+AFNetworking.m"; sourceTree = "<group>"; };
/* End PBXFileReference section */

/* Begin PBXFrameworksBuildPhase section */
		3C2A8ED11D5B32220012C5B3 /* Frameworks */ = {
			isa = PBXFrameworksBuildPhase;
			buildActionMask = 2147483647;
			files = (
				3C4B1B771D65AFC100C425D4 /* libsqlite3.tbd in Frameworks */,
				3C4B1B751D65AFB800C425D4 /* libz.tbd in Frameworks */,
				3C4B1B7B1D65B0EB00C425D4 /* UMMobClick.framework in Frameworks */,
				3C4B1B731D65AFB100C425D4 /* CoreTelephony.framework in Frameworks */,
			);
			runOnlyForDeploymentPostprocessing = 0;
		};
		3C2A8EEA1D5B32220012C5B3 /* Frameworks */ = {
			isa = PBXFrameworksBuildPhase;
			buildActionMask = 2147483647;
			files = (
			);
			runOnlyForDeploymentPostprocessing = 0;
		};
		3C2A8EF51D5B32220012C5B3 /* Frameworks */ = {
			isa = PBXFrameworksBuildPhase;
			buildActionMask = 2147483647;
			files = (
			);
			runOnlyForDeploymentPostprocessing = 0;
		};
/* End PBXFrameworksBuildPhase section */

/* Begin PBXGroup section */
		3C2A8ECB1D5B32220012C5B3 = {
			isa = PBXGroup;
			children = (
				3C4B1B761D65AFC100C425D4 /* libsqlite3.tbd */,
				3C4B1B741D65AFB800C425D4 /* libz.tbd */,
				3C4B1B7A1D65B0EB00C425D4 /* UMMobClick.framework */,
				3C4B1B721D65AFB100C425D4 /* CoreTelephony.framework */,
				3C2A8ED61D5B32220012C5B3 /* GitTest */,
				3C2A8EF01D5B32220012C5B3 /* GitTestTests */,
				3C2A8EFB1D5B32220012C5B3 /* GitTestUITests */,
				3C2A8ED51D5B32220012C5B3 /* Products */,
			);
			sourceTree = "<group>";
		};
		3C2A8ED51D5B32220012C5B3 /* Products */ = {
			isa = PBXGroup;
			children = (
				3C2A8ED41D5B32220012C5B3 /* GitTest.app */,
				3C2A8EED1D5B32220012C5B3 /* GitTestTests.xctest */,
				3C2A8EF81D5B32220012C5B3 /* GitTestUITests.xctest */,
			);
			name = Products;
			sourceTree = "<group>";
		};
		3C2A8ED61D5B32220012C5B3 /* GitTest */ = {
			isa = PBXGroup;
			children = (
				3C2A8EDA1D5B32220012C5B3 /* AppDelegate.h */,
				3C2A8EDB1D5B32220012C5B3 /* AppDelegate.m */,
				3C2A8F4B1D5C62180012C5B3 /* Controller */,
				3C2A8F4A1D5C62100012C5B3 /* View */,
				3C2A8F4C1D5C62230012C5B3 /* Model */,
				3C2A8EE31D5B32220012C5B3 /* Assets.xcassets */,
				3C2A8EE51D5B32220012C5B3 /* LaunchScreen.storyboard */,
				3C2A8EE81D5B32220012C5B3 /* Info.plist */,
				3C2A8ED71D5B32220012C5B3 /* Supporting Files */,
			);
			path = GitTest;
			sourceTree = "<group>";
		};
		3C2A8ED71D5B32220012C5B3 /* Supporting Files */ = {
			isa = PBXGroup;
			children = (
				3C4B1B341D64852B00C425D4 /* SDWebImage */,
				3CCA7B721D62295700B1A8E0 /* AFNetworking */,
				3C2A8F0A1D5B32910012C5B3 /* Masonry */,
				3C2A8ED81D5B32220012C5B3 /* main.m */,
			);
			name = "Supporting Files";
			sourceTree = "<group>";
		};
		3C2A8EF01D5B32220012C5B3 /* GitTestTests */ = {
			isa = PBXGroup;
			children = (
				3C2A8EF11D5B32220012C5B3 /* GitTestTests.m */,
				3C2A8EF31D5B32220012C5B3 /* Info.plist */,
			);
			path = GitTestTests;
			sourceTree = "<group>";
		};
		3C2A8EFB1D5B32220012C5B3 /* GitTestUITests */ = {
			isa = PBXGroup;
			children = (
				3C2A8EFC1D5B32220012C5B3 /* GitTestUITests.m */,
				3C2A8EFE1D5B32220012C5B3 /* Info.plist */,
			);
			path = GitTestUITests;
			sourceTree = "<group>";
		};
		3C2A8F0A1D5B32910012C5B3 /* Masonry */ = {
			isa = PBXGroup;
			children = (
				3C2A8F0B1D5B32910012C5B3 /* Info.plist */,
				3C2A8F0C1D5B32910012C5B3 /* MASCompositeConstraint.h */,
				3C2A8F0D1D5B32910012C5B3 /* MASCompositeConstraint.m */,
				3C2A8F0E1D5B32910012C5B3 /* MASConstraint+Private.h */,
				3C2A8F0F1D5B32910012C5B3 /* MASConstraint.h */,
				3C2A8F101D5B32910012C5B3 /* MASConstraint.m */,
				3C2A8F111D5B32910012C5B3 /* MASConstraintMaker.h */,
				3C2A8F121D5B32910012C5B3 /* MASConstraintMaker.m */,
				3C2A8F131D5B32910012C5B3 /* MASLayoutConstraint.h */,
				3C2A8F141D5B32910012C5B3 /* MASLayoutConstraint.m */,
				3C2A8F151D5B32910012C5B3 /* Masonry.h */,
				3C2A8F161D5B32910012C5B3 /* MASUtilities.h */,
				3C2A8F171D5B32910012C5B3 /* MASViewAttribute.h */,
				3C2A8F181D5B32910012C5B3 /* MASViewAttribute.m */,
				3C2A8F191D5B32910012C5B3 /* MASViewConstraint.h */,
				3C2A8F1A1D5B32910012C5B3 /* MASViewConstraint.m */,
				3C2A8F1B1D5B32910012C5B3 /* NSArray+MASAdditions.h */,
				3C2A8F1C1D5B32910012C5B3 /* NSArray+MASAdditions.m */,
				3C2A8F1D1D5B32910012C5B3 /* NSArray+MASShorthandAdditions.h */,
				3C2A8F1E1D5B32910012C5B3 /* NSLayoutConstraint+MASDebugAdditions.h */,
				3C2A8F1F1D5B32910012C5B3 /* NSLayoutConstraint+MASDebugAdditions.m */,
				3C2A8F201D5B32910012C5B3 /* View+MASAdditions.h */,
				3C2A8F211D5B32910012C5B3 /* View+MASAdditions.m */,
				3C2A8F221D5B32910012C5B3 /* View+MASShorthandAdditions.h */,
				3C2A8F231D5B32910012C5B3 /* ViewController+MASAdditions.h */,
				3C2A8F241D5B32910012C5B3 /* ViewController+MASAdditions.m */,
			);
			path = Masonry;
			sourceTree = "<group>";
		};
		3C2A8F481D5C619F0012C5B3 /* FontPage(首页) */ = {
			isa = PBXGroup;
			children = (
				3C2A8EDD1D5B32220012C5B3 /* MainViewController.h */,
				3C2A8EDE1D5B32220012C5B3 /* MainViewController.m */,
				3C2A8F421D5BBBB60012C5B3 /* MoreViewController.h */,
				3C2A8F431D5BBBB60012C5B3 /* MoreViewController.m */,
				3C2A8F4D1D5C62510012C5B3 /* DetailViewController.h */,
				3C2A8F4E1D5C62510012C5B3 /* DetailViewController.m */,
			);
			name = "FontPage(首页)";
			sourceTree = "<group>";
		};
		3C2A8F491D5C61CA0012C5B3 /* Mine(我的) */ = {
			isa = PBXGroup;
			children = (
				3C2A8F301D5B7D370012C5B3 /* MineViewController.h */,
				3C2A8F311D5B7D370012C5B3 /* MineViewController.m */,
				3C2A8F451D5C43330012C5B3 /* LoginViewController.h */,
				3C2A8F461D5C43330012C5B3 /* LoginViewController.m */,
			);
			name = "Mine(我的)";
			sourceTree = "<group>";
		};
		3C2A8F4A1D5C62100012C5B3 /* View */ = {
			isa = PBXGroup;
			children = (
				3C2A8F361D5B91890012C5B3 /* adCell.h */,
				3C2A8F371D5B91890012C5B3 /* adCell.m */,
				3C2A8F391D5B97470012C5B3 /* ContentCell.h */,
				3C2A8F3A1D5B97470012C5B3 /* ContentCell.m */,
				3C2A8F3C1D5BAE7A0012C5B3 /* HeaderReusableView.h */,
				3C2A8F3D1D5BAE7A0012C5B3 /* HeaderReusableView.m */,
				3C2A8F3F1D5BB0C50012C5B3 /* FooterReusableView.h */,
				3C2A8F401D5BB0C50012C5B3 /* FooterReusableView.m */,
			);
			name = View;
			sourceTree = "<group>";
		};
		3C2A8F4B1D5C62180012C5B3 /* Controller */ = {
			isa = PBXGroup;
			children = (
				3C2A8F481D5C619F0012C5B3 /* FontPage(首页) */,
				3C2A8F491D5C61CA0012C5B3 /* Mine(我的) */,
			);
			name = Controller;
			sourceTree = "<group>";
		};
		3C2A8F4C1D5C62230012C5B3 /* Model */ = {
			isa = PBXGroup;
			children = (
				3C87D8701D6308C400651B78 /* RequestManager.h */,
				3C87D8711D6308C400651B78 /* RequestManager.m */,
				3C87D8731D631FA100651B78 /* BannerModel.h */,
				3C87D8741D631FA100651B78 /* BannerModel.m */,
				3C4B1B661D65476D00C425D4 /* CourseModel.h */,
				3C4B1B671D65476D00C425D4 /* CourseModel.m */,
			);
			name = Model;
			sourceTree = "<group>";
		};
		3C4B1B341D64852B00C425D4 /* SDWebImage */ = {
			isa = PBXGroup;
			children = (
				3C4B1B351D64852B00C425D4 /* MKAnnotationView+WebCache.h */,
				3C4B1B361D64852B00C425D4 /* MKAnnotationView+WebCache.m */,
				3C4B1B371D64852B00C425D4 /* NSData+ImageContentType.h */,
				3C4B1B381D64852B00C425D4 /* NSData+ImageContentType.m */,
				3C4B1B391D64852B00C425D4 /* SDImageCache.h */,
				3C4B1B3A1D64852B00C425D4 /* SDImageCache.m */,
				3C4B1B3B1D64852B00C425D4 /* SDWebImageCompat.h */,
				3C4B1B3C1D64852B00C425D4 /* SDWebImageCompat.m */,
				3C4B1B3D1D64852B00C425D4 /* SDWebImageDecoder.h */,
				3C4B1B3E1D64852B00C425D4 /* SDWebImageDecoder.m */,
				3C4B1B3F1D64852B00C425D4 /* SDWebImageDownloader.h */,
				3C4B1B401D64852B00C425D4 /* SDWebImageDownloader.m */,
				3C4B1B411D64852B00C425D4 /* SDWebImageDownloaderOperation.h */,
				3C4B1B421D64852B00C425D4 /* SDWebImageDownloaderOperation.m */,
				3C4B1B431D64852B00C425D4 /* SDWebImageManager.h */,
				3C4B1B441D64852B00C425D4 /* SDWebImageManager.m */,
				3C4B1B451D64852B00C425D4 /* SDWebImageOperation.h */,
				3C4B1B461D64852B00C425D4 /* SDWebImagePrefetcher.h */,
				3C4B1B471D64852B00C425D4 /* SDWebImagePrefetcher.m */,
				3C4B1B481D64852B00C425D4 /* UIButton+WebCache.h */,
				3C4B1B491D64852B00C425D4 /* UIButton+WebCache.m */,
				3C4B1B4A1D64852B00C425D4 /* UIImage+GIF.h */,
				3C4B1B4B1D64852B00C425D4 /* UIImage+GIF.m */,
				3C4B1B4C1D64852B00C425D4 /* UIImage+MultiFormat.h */,
				3C4B1B4D1D64852B00C425D4 /* UIImage+MultiFormat.m */,
				3C4B1B4E1D64852B00C425D4 /* UIImage+WebP.h */,
				3C4B1B4F1D64852B00C425D4 /* UIImage+WebP.m */,
				3C4B1B501D64852B00C425D4 /* UIImageView+HighlightedWebCache.h */,
				3C4B1B511D64852B00C425D4 /* UIImageView+HighlightedWebCache.m */,
				3C4B1B521D64852B00C425D4 /* UIImageView+WebCache.h */,
				3C4B1B531D64852B00C425D4 /* UIImageView+WebCache.m */,
				3C4B1B541D64852B00C425D4 /* UIView+WebCacheOperation.h */,
				3C4B1B551D64852B00C425D4 /* UIView+WebCacheOperation.m */,
			);
			path = SDWebImage;
			sourceTree = "<group>";
		};
		3CCA7B721D62295700B1A8E0 /* AFNetworking */ = {
			isa = PBXGroup;
			children = (
				3CCA7B731D62295700B1A8E0 /* AFNetworking */,
				3CCA7B811D62295700B1A8E0 /* UIKit+AFNetworking */,
			);
			path = AFNetworking;
			sourceTree = "<group>";
		};
		3CCA7B731D62295700B1A8E0 /* AFNetworking */ = {
			isa = PBXGroup;
			children = (
				3CCA7B741D62295700B1A8E0 /* AFHTTPSessionManager.h */,
				3CCA7B751D62295700B1A8E0 /* AFHTTPSessionManager.m */,
				3CCA7B761D62295700B1A8E0 /* AFNetworking.h */,
				3CCA7B771D62295700B1A8E0 /* AFNetworkReachabilityManager.h */,
				3CCA7B781D62295700B1A8E0 /* AFNetworkReachabilityManager.m */,
				3CCA7B791D62295700B1A8E0 /* AFSecurityPolicy.h */,
				3CCA7B7A1D62295700B1A8E0 /* AFSecurityPolicy.m */,
				3CCA7B7B1D62295700B1A8E0 /* AFURLRequestSerialization.h */,
				3CCA7B7C1D62295700B1A8E0 /* AFURLRequestSerialization.m */,
				3CCA7B7D1D62295700B1A8E0 /* AFURLResponseSerialization.h */,
				3CCA7B7E1D62295700B1A8E0 /* AFURLResponseSerialization.m */,
				3CCA7B7F1D62295700B1A8E0 /* AFURLSessionManager.h */,
				3CCA7B801D62295700B1A8E0 /* AFURLSessionManager.m */,
			);
			path = AFNetworking;
			sourceTree = "<group>";
		};
		3CCA7B811D62295700B1A8E0 /* UIKit+AFNetworking */ = {
			isa = PBXGroup;
			children = (
				3CCA7B821D62295700B1A8E0 /* AFAutoPurgingImageCache.h */,
				3CCA7B831D62295700B1A8E0 /* AFAutoPurgingImageCache.m */,
				3CCA7B841D62295700B1A8E0 /* AFImageDownloader.h */,
				3CCA7B851D62295700B1A8E0 /* AFImageDownloader.m */,
				3CCA7B861D62295700B1A8E0 /* AFNetworkActivityIndicatorManager.h */,
				3CCA7B871D62295700B1A8E0 /* AFNetworkActivityIndicatorManager.m */,
				3CCA7B881D62295700B1A8E0 /* UIActivityIndicatorView+AFNetworking.h */,
				3CCA7B891D62295700B1A8E0 /* UIActivityIndicatorView+AFNetworking.m */,
				3CCA7B8A1D62295700B1A8E0 /* UIButton+AFNetworking.h */,
				3CCA7B8B1D62295700B1A8E0 /* UIButton+AFNetworking.m */,
				3CCA7B8C1D62295700B1A8E0 /* UIImage+AFNetworking.h */,
				3CCA7B8D1D62295700B1A8E0 /* UIImageView+AFNetworking.h */,
				3CCA7B8E1D62295700B1A8E0 /* UIImageView+AFNetworking.m */,
				3CCA7B8F1D62295700B1A8E0 /* UIKit+AFNetworking.h */,
				3CCA7B901D62295700B1A8E0 /* UIProgressView+AFNetworking.h */,
				3CCA7B911D62295700B1A8E0 /* UIProgressView+AFNetworking.m */,
				3CCA7B921D62295700B1A8E0 /* UIRefreshControl+AFNetworking.h */,
				3CCA7B931D62295700B1A8E0 /* UIRefreshControl+AFNetworking.m */,
				3CCA7B941D62295700B1A8E0 /* UIWebView+AFNetworking.h */,
				3CCA7B951D62295700B1A8E0 /* UIWebView+AFNetworking.m */,
			);
			path = "UIKit+AFNetworking";
			sourceTree = "<group>";
		};
/* End PBXGroup section */

/* Begin PBXNativeTarget section */
		3C2A8ED31D5B32220012C5B3 /* GitTest */ = {
			isa = PBXNativeTarget;
			buildConfigurationList = 3C2A8F011D5B32220012C5B3 /* Build configuration list for PBXNativeTarget "GitTest" */;
			buildPhases = (
				3C2A8ED01D5B32220012C5B3 /* Sources */,
				3C2A8ED11D5B32220012C5B3 /* Frameworks */,
				3C2A8ED21D5B32220012C5B3 /* Resources */,
			);
			buildRules = (
			);
			dependencies = (
			);
			name = GitTest;
			productName = GitTest;
			productReference = 3C2A8ED41D5B32220012C5B3 /* GitTest.app */;
			productType = "com.apple.product-type.application";
		};
		3C2A8EEC1D5B32220012C5B3 /* GitTestTests */ = {
			isa = PBXNativeTarget;
			buildConfigurationList = 3C2A8F041D5B32220012C5B3 /* Build configuration list for PBXNativeTarget "GitTestTests" */;
			buildPhases = (
				3C2A8EE91D5B32220012C5B3 /* Sources */,
				3C2A8EEA1D5B32220012C5B3 /* Frameworks */,
				3C2A8EEB1D5B32220012C5B3 /* Resources */,
			);
			buildRules = (
			);
			dependencies = (
				3C2A8EEF1D5B32220012C5B3 /* PBXTargetDependency */,
			);
			name = GitTestTests;
			productName = GitTestTests;
			productReference = 3C2A8EED1D5B32220012C5B3 /* GitTestTests.xctest */;
			productType = "com.apple.product-type.bundle.unit-test";
		};
		3C2A8EF71D5B32220012C5B3 /* GitTestUITests */ = {
			isa = PBXNativeTarget;
			buildConfigurationList = 3C2A8F071D5B32220012C5B3 /* Build configuration list for PBXNativeTarget "GitTestUITests" */;
			buildPhases = (
				3C2A8EF41D5B32220012C5B3 /* Sources */,
				3C2A8EF51D5B32220012C5B3 /* Frameworks */,
				3C2A8EF61D5B32220012C5B3 /* Resources */,
			);
			buildRules = (
			);
			dependencies = (
				3C2A8EFA1D5B32220012C5B3 /* PBXTargetDependency */,
			);
			name = GitTestUITests;
			productName = GitTestUITests;
			productReference = 3C2A8EF81D5B32220012C5B3 /* GitTestUITests.xctest */;
			productType = "com.apple.product-type.bundle.ui-testing";
		};
/* End PBXNativeTarget section */

/* Begin PBXProject section */
		3C2A8ECC1D5B32220012C5B3 /* Project object */ = {
			isa = PBXProject;
			attributes = {
				LastUpgradeCheck = 0720;
				ORGANIZATIONNAME = King;
				TargetAttributes = {
					3C2A8ED31D5B32220012C5B3 = {
						CreatedOnToolsVersion = 7.2.1;
						DevelopmentTeam = DHKRYN7T83;
					};
					3C2A8EEC1D5B32220012C5B3 = {
						CreatedOnToolsVersion = 7.2.1;
						TestTargetID = 3C2A8ED31D5B32220012C5B3;
					};
					3C2A8EF71D5B32220012C5B3 = {
						CreatedOnToolsVersion = 7.2.1;
						TestTargetID = 3C2A8ED31D5B32220012C5B3;
					};
				};
			};
			buildConfigurationList = 3C2A8ECF1D5B32220012C5B3 /* Build configuration list for PBXProject "GitTest" */;
			compatibilityVersion = "Xcode 3.2";
			developmentRegion = English;
			hasScannedForEncodings = 0;
			knownRegions = (
				en,
				Base,
			);
			mainGroup = 3C2A8ECB1D5B32220012C5B3;
			productRefGroup = 3C2A8ED51D5B32220012C5B3 /* Products */;
			projectDirPath = "";
			projectRoot = "";
			targets = (
				3C2A8ED31D5B32220012C5B3 /* GitTest */,
				3C2A8EEC1D5B32220012C5B3 /* GitTestTests */,
				3C2A8EF71D5B32220012C5B3 /* GitTestUITests */,
			);
		};
/* End PBXProject section */

/* Begin PBXResourcesBuildPhase section */
		3C2A8ED21D5B32220012C5B3 /* Resources */ = {
			isa = PBXResourcesBuildPhase;
			buildActionMask = 2147483647;
			files = (
				3C2A8F251D5B32910012C5B3 /* Info.plist in Resources */,
				3C2A8EE71D5B32220012C5B3 /* LaunchScreen.storyboard in Resources */,
				3C2A8EE41D5B32220012C5B3 /* Assets.xcassets in Resources */,
			);
			runOnlyForDeploymentPostprocessing = 0;
		};
		3C2A8EEB1D5B32220012C5B3 /* Resources */ = {
			isa = PBXResourcesBuildPhase;
			buildActionMask = 2147483647;
			files = (
			);
			runOnlyForDeploymentPostprocessing = 0;
		};
		3C2A8EF61D5B32220012C5B3 /* Resources */ = {
			isa = PBXResourcesBuildPhase;
			buildActionMask = 2147483647;
			files = (
			);
			runOnlyForDeploymentPostprocessing = 0;
		};
/* End PBXResourcesBuildPhase section */

/* Begin PBXSourcesBuildPhase section */
		3C2A8ED01D5B32220012C5B3 /* Sources */ = {
			isa = PBXSourcesBuildPhase;
			buildActionMask = 2147483647;
			files = (
				3C4B1B5F1D64852B00C425D4 /* UIButton+WebCache.m in Sources */,
				3C2A8F2D1D5B32910012C5B3 /* NSLayoutConstraint+MASDebugAdditions.m in Sources */,
				3C2A8F321D5B7D370012C5B3 /* MineViewController.m in Sources */,
				3CCA7B9F1D62295700B1A8E0 /* UIActivityIndicatorView+AFNetworking.m in Sources */,
				3C2A8F411D5BB0C50012C5B3 /* FooterReusableView.m in Sources */,
				3C4B1B631D64852B00C425D4 /* UIImageView+HighlightedWebCache.m in Sources */,
				3C2A8F2B1D5B32910012C5B3 /* MASViewConstraint.m in Sources */,
				3C4B1B571D64852B00C425D4 /* NSData+ImageContentType.m in Sources */,
				3CCA7B981D62295700B1A8E0 /* AFSecurityPolicy.m in Sources */,
				3CCA7BA01D62295700B1A8E0 /* UIButton+AFNetworking.m in Sources */,
				3C2A8F471D5C43330012C5B3 /* LoginViewController.m in Sources */,
				3CCA7BA21D62295700B1A8E0 /* UIProgressView+AFNetworking.m in Sources */,
				3CCA7B961D62295700B1A8E0 /* AFHTTPSessionManager.m in Sources */,
				3C2A8F3B1D5B97470012C5B3 /* ContentCell.m in Sources */,
				3C4B1B591D64852B00C425D4 /* SDWebImageCompat.m in Sources */,
				3C4B1B5D1D64852B00C425D4 /* SDWebImageManager.m in Sources */,
				3C2A8F261D5B32910012C5B3 /* MASCompositeConstraint.m in Sources */,
				3C4B1B581D64852B00C425D4 /* SDImageCache.m in Sources */,
				3CCA7B9D1D62295700B1A8E0 /* AFImageDownloader.m in Sources */,
				3C4B1B5A1D64852B00C425D4 /* SDWebImageDecoder.m in Sources */,
				3C2A8F2C1D5B32910012C5B3 /* NSArray+MASAdditions.m in Sources */,
				3C4B1B5B1D64852B00C425D4 /* SDWebImageDownloader.m in Sources */,
				3C2A8EDF1D5B32220012C5B3 /* MainViewController.m in Sources */,
				3C2A8EDC1D5B32220012C5B3 /* AppDelegate.m in Sources */,
				3C2A8F381D5B91890012C5B3 /* adCell.m in Sources */,
				3C4B1B611D64852B00C425D4 /* UIImage+MultiFormat.m in Sources */,
				3CCA7B9E1D62295700B1A8E0 /* AFNetworkActivityIndicatorManager.m in Sources */,
				3C4B1B621D64852B00C425D4 /* UIImage+WebP.m in Sources */,
				3C2A8F291D5B32910012C5B3 /* MASLayoutConstraint.m in Sources */,
				3C2A8ED91D5B32220012C5B3 /* main.m in Sources */,
				3CCA7BA41D62295700B1A8E0 /* UIWebView+AFNetworking.m in Sources */,
				3C2A8F2F1D5B32910012C5B3 /* ViewController+MASAdditions.m in Sources */,
				3C4B1B681D65476D00C425D4 /* CourseModel.m in Sources */,
				3C2A8F441D5BBBB60012C5B3 /* MoreViewController.m in Sources */,
				3CCA7BA31D62295700B1A8E0 /* UIRefreshControl+AFNetworking.m in Sources */,
				3CCA7B991D62295700B1A8E0 /* AFURLRequestSerialization.m in Sources */,
				3CCA7B9B1D62295700B1A8E0 /* AFURLSessionManager.m in Sources */,
				3C4B1B651D64852B00C425D4 /* UIView+WebCacheOperation.m in Sources */,
				3C4B1B5E1D64852B00C425D4 /* SDWebImagePrefetcher.m in Sources */,
				3CCA7B9C1D62295700B1A8E0 /* AFAutoPurgingImageCache.m in Sources */,
				3CCA7B9A1D62295700B1A8E0 /* AFURLResponseSerialization.m in Sources */,
				3CCA7B971D62295700B1A8E0 /* AFNetworkReachabilityManager.m in Sources */,
				3C4B1B601D64852B00C425D4 /* UIImage+GIF.m in Sources */,
				3C87D8751D631FA100651B78 /* BannerModel.m in Sources */,
				3C2A8F3E1D5BAE7A0012C5B3 /* HeaderReusableView.m in Sources */,
				3C87D8721D6308C400651B78 /* RequestManager.m in Sources */,
				3C4B1B561D64852B00C425D4 /* MKAnnotationView+WebCache.m in Sources */,
				3C2A8F2E1D5B32910012C5B3 /* View+MASAdditions.m in Sources */,
				3C4B1B5C1D64852B00C425D4 /* SDWebImageDownloaderOperation.m in Sources */,
				3C2A8F2A1D5B32910012C5B3 /* MASViewAttribute.m in Sources */,
				3C2A8F271D5B32910012C5B3 /* MASConstraint.m in Sources */,
				3C4B1B641D64852B00C425D4 /* UIImageView+WebCache.m in Sources */,
				3C2A8F281D5B32910012C5B3 /* MASConstraintMaker.m in Sources */,
				3CCA7BA11D62295700B1A8E0 /* UIImageView+AFNetworking.m in Sources */,
				3C2A8F4F1D5C62510012C5B3 /* DetailViewController.m in Sources */,
			);
			runOnlyForDeploymentPostprocessing = 0;
		};
		3C2A8EE91D5B32220012C5B3 /* Sources */ = {
			isa = PBXSourcesBuildPhase;
			buildActionMask = 2147483647;
			files = (
				3C2A8EF21D5B32220012C5B3 /* GitTestTests.m in Sources */,
			);
			runOnlyForDeploymentPostprocessing = 0;
		};
		3C2A8EF41D5B32220012C5B3 /* Sources */ = {
			isa = PBXSourcesBuildPhase;
			buildActionMask = 2147483647;
			files = (
				3C2A8EFD1D5B32220012C5B3 /* GitTestUITests.m in Sources */,
			);
			runOnlyForDeploymentPostprocessing = 0;
		};
/* End PBXSourcesBuildPhase section */

/* Begin PBXTargetDependency section */
		3C2A8EEF1D5B32220012C5B3 /* PBXTargetDependency */ = {
			isa = PBXTargetDependency;
			target = 3C2A8ED31D5B32220012C5B3 /* GitTest */;
			targetProxy = 3C2A8EEE1D5B32220012C5B3 /* PBXContainerItemProxy */;
		};
		3C2A8EFA1D5B32220012C5B3 /* PBXTargetDependency */ = {
			isa = PBXTargetDependency;
			target = 3C2A8ED31D5B32220012C5B3 /* GitTest */;
			targetProxy = 3C2A8EF91D5B32220012C5B3 /* PBXContainerItemProxy */;
		};
/* End PBXTargetDependency section */

/* Begin PBXVariantGroup section */
		3C2A8EE51D5B32220012C5B3 /* LaunchScreen.storyboard */ = {
			isa = PBXVariantGroup;
			children = (
				3C2A8EE61D5B32220012C5B3 /* Base */,
			);
			name = LaunchScreen.storyboard;
			sourceTree = "<group>";
		};
/* End PBXVariantGroup section */

/* Begin XCBuildConfiguration section */
		3C2A8EFF1D5B32220012C5B3 /* Debug */ = {
			isa = XCBuildConfiguration;
			buildSettings = {
				ALWAYS_SEARCH_USER_PATHS = NO;
				CLANG_CXX_LANGUAGE_STANDARD = "gnu++0x";
				CLANG_CXX_LIBRARY = "libc++";
				CLANG_ENABLE_MODULES = YES;
				CLANG_ENABLE_OBJC_ARC = YES;
				CLANG_WARN_BOOL_CONVERSION = YES;
				CLANG_WARN_CONSTANT_CONVERSION = YES;
				CLANG_WARN_DIRECT_OBJC_ISA_USAGE = YES_ERROR;
				CLANG_WARN_EMPTY_BODY = YES;
				CLANG_WARN_ENUM_CONVERSION = YES;
				CLANG_WARN_INT_CONVERSION = YES;
				CLANG_WARN_OBJC_ROOT_CLASS = YES_ERROR;
				CLANG_WARN_UNREACHABLE_CODE = YES;
				CLANG_WARN__DUPLICATE_METHOD_MATCH = YES;
				"CODE_SIGN_IDENTITY[sdk=iphoneos*]" = "iPhone Developer";
				COPY_PHASE_STRIP = NO;
				DEBUG_INFORMATION_FORMAT = dwarf;
				ENABLE_STRICT_OBJC_MSGSEND = YES;
				ENABLE_TESTABILITY = YES;
				GCC_C_LANGUAGE_STANDARD = gnu99;
				GCC_DYNAMIC_NO_PIC = NO;
				GCC_NO_COMMON_BLOCKS = YES;
				GCC_OPTIMIZATION_LEVEL = 0;
				GCC_PREPROCESSOR_DEFINITIONS = (
					"DEBUG=1",
					"$(inherited)",
				);
				GCC_WARN_64_TO_32_BIT_CONVERSION = YES;
				GCC_WARN_ABOUT_RETURN_TYPE = YES_ERROR;
				GCC_WARN_UNDECLARED_SELECTOR = YES;
				GCC_WARN_UNINITIALIZED_AUTOS = YES_AGGRESSIVE;
				GCC_WARN_UNUSED_FUNCTION = YES;
				GCC_WARN_UNUSED_VARIABLE = YES;
				IPHONEOS_DEPLOYMENT_TARGET = 9.2;
				MTL_ENABLE_DEBUG_INFO = YES;
				ONLY_ACTIVE_ARCH = YES;
				SDKROOT = iphoneos;
				TARGETED_DEVICE_FAMILY = "1,2";
			};
			name = Debug;
		};
		3C2A8F001D5B32220012C5B3 /* Release */ = {
			isa = XCBuildConfiguration;
			buildSettings = {
				ALWAYS_SEARCH_USER_PATHS = NO;
				CLANG_CXX_LANGUAGE_STANDARD = "gnu++0x";
				CLANG_CXX_LIBRARY = "libc++";
				CLANG_ENABLE_MODULES = YES;
				CLANG_ENABLE_OBJC_ARC = YES;
				CLANG_WARN_BOOL_CONVERSION = YES;
				CLANG_WARN_CONSTANT_CONVERSION = YES;
				CLANG_WARN_DIRECT_OBJC_ISA_USAGE = YES_ERROR;
				CLANG_WARN_EMPTY_BODY = YES;
				CLANG_WARN_ENUM_CONVERSION = YES;
				CLANG_WARN_INT_CONVERSION = YES;
				CLANG_WARN_OBJC_ROOT_CLASS = YES_ERROR;
				CLANG_WARN_UNREACHABLE_CODE = YES;
				CLANG_WARN__DUPLICATE_METHOD_MATCH = YES;
				"CODE_SIGN_IDENTITY[sdk=iphoneos*]" = "iPhone Developer";
				COPY_PHASE_STRIP = NO;
				DEBUG_INFORMATION_FORMAT = "dwarf-with-dsym";
				ENABLE_NS_ASSERTIONS = NO;
				ENABLE_STRICT_OBJC_MSGSEND = YES;
				GCC_C_LANGUAGE_STANDARD = gnu99;
				GCC_NO_COMMON_BLOCKS = YES;
				GCC_WARN_64_TO_32_BIT_CONVERSION = YES;
				GCC_WARN_ABOUT_RETURN_TYPE = YES_ERROR;
				GCC_WARN_UNDECLARED_SELECTOR = YES;
				GCC_WARN_UNINITIALIZED_AUTOS = YES_AGGRESSIVE;
				GCC_WARN_UNUSED_FUNCTION = YES;
				GCC_WARN_UNUSED_VARIABLE = YES;
				IPHONEOS_DEPLOYMENT_TARGET = 9.2;
				MTL_ENABLE_DEBUG_INFO = NO;
				SDKROOT = iphoneos;
				TARGETED_DEVICE_FAMILY = "1,2";
				VALIDATE_PRODUCT = YES;
			};
			name = Release;
		};
		3C2A8F021D5B32220012C5B3 /* Debug */ = {
			isa = XCBuildConfiguration;
			buildSettings = {
				ASSETCATALOG_COMPILER_APPICON_NAME = AppIcon;
				CODE_SIGN_IDENTITY = "iPhone Developer";
				FRAMEWORK_SEARCH_PATHS = (
					"$(inherited)",
					"$(PROJECT_DIR)",
				);
				INFOPLIST_FILE = GitTest/Info.plist;
				LD_RUNPATH_SEARCH_PATHS = "$(inherited) @executable_path/Frameworks";
				PRODUCT_BUNDLE_IDENTIFIER = com.LingcaiKing.GitTest;
				PRODUCT_NAME = "$(TARGET_NAME)";
			};
			name = Debug;
		};
		3C2A8F031D5B32220012C5B3 /* Release */ = {
			isa = XCBuildConfiguration;
			buildSettings = {
				ASSETCATALOG_COMPILER_APPICON_NAME = AppIcon;
				CODE_SIGN_IDENTITY = "iPhone Developer";
				FRAMEWORK_SEARCH_PATHS = (
					"$(inherited)",
					"$(PROJECT_DIR)",
				);
				INFOPLIST_FILE = GitTest/Info.plist;
				LD_RUNPATH_SEARCH_PATHS = "$(inherited) @executable_path/Frameworks";
				PRODUCT_BUNDLE_IDENTIFIER = com.LingcaiKing.GitTest;
				PRODUCT_NAME = "$(TARGET_NAME)";
			};
			name = Release;
		};
		3C2A8F051D5B32220012C5B3 /* Debug */ = {
			isa = XCBuildConfiguration;
			buildSettings = {
				BUNDLE_LOADER = "$(TEST_HOST)";
				INFOPLIST_FILE = GitTestTests/Info.plist;
				LD_RUNPATH_SEARCH_PATHS = "$(inherited) @executable_path/Frameworks @loader_path/Frameworks";
				PRODUCT_BUNDLE_IDENTIFIER = com.LingcaiKing.GitTestTests;
				PRODUCT_NAME = "$(TARGET_NAME)";
				TEST_HOST = "$(BUILT_PRODUCTS_DIR)/GitTest.app/GitTest";
			};
			name = Debug;
		};
		3C2A8F061D5B32220012C5B3 /* Release */ = {
			isa = XCBuildConfiguration;
			buildSettings = {
				BUNDLE_LOADER = "$(TEST_HOST)";
				INFOPLIST_FILE = GitTestTests/Info.plist;
				LD_RUNPATH_SEARCH_PATHS = "$(inherited) @executable_path/Frameworks @loader_path/Frameworks";
				PRODUCT_BUNDLE_IDENTIFIER = com.LingcaiKing.GitTestTests;
				PRODUCT_NAME = "$(TARGET_NAME)";
				TEST_HOST = "$(BUILT_PRODUCTS_DIR)/GitTest.app/GitTest";
			};
			name = Release;
		};
		3C2A8F081D5B32220012C5B3 /* Debug */ = {
			isa = XCBuildConfiguration;
			buildSettings = {
				INFOPLIST_FILE = GitTestUITests/Info.plist;
				LD_RUNPATH_SEARCH_PATHS = "$(inherited) @executable_path/Frameworks @loader_path/Frameworks";
				PRODUCT_BUNDLE_IDENTIFIER = com.LingcaiKing.GitTestUITests;
				PRODUCT_NAME = "$(TARGET_NAME)";
				TEST_TARGET_NAME = GitTest;
				USES_XCTRUNNER = YES;
			};
			name = Debug;
		};
		3C2A8F091D5B32220012C5B3 /* Release */ = {
			isa = XCBuildConfiguration;
			buildSettings = {
				INFOPLIST_FILE = GitTestUITests/Info.plist;
				LD_RUNPATH_SEARCH_PATHS = "$(inherited) @executable_path/Frameworks @loader_path/Frameworks";
				PRODUCT_BUNDLE_IDENTIFIER = com.LingcaiKing.GitTestUITests;
				PRODUCT_NAME = "$(TARGET_NAME)";
				TEST_TARGET_NAME = GitTest;
				USES_XCTRUNNER = YES;
			};
			name = Release;
		};
/* End XCBuildConfiguration section */

/* Begin XCConfigurationList section */
		3C2A8ECF1D5B32220012C5B3 /* Build configuration list for PBXProject "GitTest" */ = {
			isa = XCConfigurationList;
			buildConfigurations = (
				3C2A8EFF1D5B32220012C5B3 /* Debug */,
				3C2A8F001D5B32220012C5B3 /* Release */,
			);
			defaultConfigurationIsVisible = 0;
			defaultConfigurationName = Release;
		};
		3C2A8F011D5B32220012C5B3 /* Build configuration list for PBXNativeTarget "GitTest" */ = {
			isa = XCConfigurationList;
			buildConfigurations = (
				3C2A8F021D5B32220012C5B3 /* Debug */,
				3C2A8F031D5B32220012C5B3 /* Release */,
			);
			defaultConfigurationIsVisible = 0;
			defaultConfigurationName = Release;
		};
		3C2A8F041D5B32220012C5B3 /* Build configuration list for PBXNativeTarget "GitTestTests" */ = {
			isa = XCConfigurationList;
			buildConfigurations = (
				3C2A8F051D5B32220012C5B3 /* Debug */,
				3C2A8F061D5B32220012C5B3 /* Release */,
			);
			defaultConfigurationIsVisible = 0;
			defaultConfigurationName = Release;
		};
		3C2A8F071D5B32220012C5B3 /* Build configuration list for PBXNativeTarget "GitTestUITests" */ = {
			isa = XCConfigurationList;
			buildConfigurations = (
				3C2A8F081D5B32220012C5B3 /* Debug */,
				3C2A8F091D5B32220012C5B3 /* Release */,
			);
			defaultConfigurationIsVisible = 0;
			defaultConfigurationName = Release;
		};
/* End XCConfigurationList section */
	};
	rootObject = 3C2A8ECC1D5B32220012C5B3 /* Project object */;
}
